
Microsoft Visual Studio Solution File, Format Version 12.00
# Visual Studio Version 16
VisualStudioVersion = 16.0.30907.101
MinimumVisualStudioVersion = 10.0.40219.1
Project("{FAE04EC0-301F-11D3-BF4B-00C04F79EFBC}") = "Chapter2_Program1", "LearningCsharpBook\Chapter2_Program1.csproj", "{99FA3B3A-066E-4F2F-A00C-613DC2BEE6FD}"
EndProject
Project("{FAE04EC0-301F-11D3-BF4B-00C04F79EFBC}") = "Chapter2_Program2", "Chapter2_Program2\Chapter2_Program2.csproj", "{3D43C05D-C268-4DA1-BBF2-3B28CDB7DCAE}"
EndProject
Project("{FAE04EC0-301F-11D3-BF4B-00C04F79EFBC}") = "Chapter2_Program3", "Chapter2_Program3\Chapter2_Program3.csproj", "{B22CB39A-A9C4-4646-A59D-D2506828B4B7}"
EndProject
Project("{FAE04EC0-301F-11D3-BF4B-00C04F79EFBC}") = "Chapter2_Program4", "Chapter2_Program4\Chapter2_Program4.csproj", "{F62ABA3C-B913-479D-B90B-F424E1AB8C94}"
EndProject
Project("{FAE04EC0-301F-11D3-BF4B-00C04F79EFBC}") = "Chapter2_Program5", "Chapter2_Program5\Chapter2_Program5.csproj", "{4E9A0A92-56C0-4C0E-AB12-B7D22A6F1C57}"
EndProject
Project("{FAE04EC0-301F-11D3-BF4B-00C04F79EFBC}") = "Chapter3_Program1", "Chapter3_Program1\Chapter3_Program1.csproj", "{0874557C-CBAD-487D-9810-73925117592F}"
EndProject
Project("{FAE04EC0-301F-11D3-BF4B-00C04F79EFBC}") = "Chapter3_Program2", "Chapter3_Program2\Chapter3_Program2.csproj", "{1C70EA8F-2CA7-4142-9E75-4761D8A7DBF9}"
EndProject
Project("{FAE04EC0-301F-11D3-BF4B-00C04F79EFBC}") = "Chapter4_Program1", "Chapter4_Program1\Chapter4_Program1.csproj", "{4DFBA973-8E84-4E15-B9C6-09704D717E4A}"
EndProject
Project("{FAE04EC0-301F-11D3-BF4B-00C04F79EFBC}") = "Chapter4_Program2", "Chapter4_Program2\Chapter4_Program2.csproj", "{70302BDA-1890-4588-A835-311D7CF069D7}"
EndProject
Global
	GlobalSection(SolutionConfigurationPlatforms) = preSolution
		Debug|Any CPU = Debug|Any CPU
		Release|Any CPU = Release|Any CPU
	EndGlobalSection
	GlobalSection(ProjectConfigurationPlatforms) = postSolution
		{99FA3B3A-066E-4F2F-A00C-613DC2BEE6FD}.Debug|Any CPU.ActiveCfg = Debug|Any CPU
		{99FA3B3A-066E-4F2F-A00C-613DC2BEE6FD}.Debug|Any CPU.Build.0 = Debug|Any CPU
		{99FA3B3A-066E-4F2F-A00C-613DC2BEE6FD}.Release|Any CPU.ActiveCfg = Release|Any CPU
		{99FA3B3A-066E-4F2F-A00C-613DC2BEE6FD}.Release|Any CPU.Build.0 = Release|Any CPU
		{3D43C05D-C268-4DA1-BBF2-3B28CDB7DCAE}.Debug|Any CPU.ActiveCfg = Debug|Any CPU
		{3D43C05D-C268-4DA1-BBF2-3B28CDB7DCAE}.Debug|Any CPU.Build.0 = Debug|Any CPU
		{3D43C05D-C268-4DA1-BBF2-3B28CDB7DCAE}.Release|Any CPU.ActiveCfg = Release|Any CPU
		{3D43C05D-C268-4DA1-BBF2-3B28CDB7DCAE}.Release|Any CPU.Build.0 = Release|Any CPU
		{B22CB39A-A9C4-4646-A59D-D2506828B4B7}.Debug|Any CPU.ActiveCfg = Debug|Any CPU
		{B22CB39A-A9C4-4646-A59D-D2506828B4B7}.Debug|Any CPU.Build.0 = Debug|Any CPU
		{B22CB39A-A9C4-4646-A59D-D2506828B4B7}.Release|Any CPU.ActiveCfg = Release|Any CPU
		{B22CB39A-A9C4-4646-A59D-D2506828B4B7}.Release|Any CPU.Build.0 = Release|Any CPU
		{F62ABA3C-B913-479D-B90B-F424E1AB8C94}.Debug|Any CPU.ActiveCfg = Debug|Any CPU
		{F62ABA3C-B913-479D-B90B-F424E1AB8C94}.Debug|Any CPU.Build.0 = Debug|Any CPU
		{F62ABA3C-B913-479D-B90B-F424E1AB8C94}.Release|Any CPU.ActiveCfg = Release|Any CPU
		{F62ABA3C-B913-479D-B90B-F424E1AB8C94}.Release|Any CPU.Build.0 = Release|Any CPU
		{4E9A0A92-56C0-4C0E-AB12-B7D22A6F1C57}.Debug|Any CPU.ActiveCfg = Debug|Any CPU
		{4E9A0A92-56C0-4C0E-AB12-B7D22A6F1C57}.Debug|Any CPU.Build.0 = Debug|Any CPU
		{4E9A0A92-56C0-4C0E-AB12-B7D22A6F1C57}.Release|Any CPU.ActiveCfg = Release|Any CPU
		{4E9A0A92-56C0-4C0E-AB12-B7D22A6F1C57}.Release|Any CPU.Build.0 = Release|Any CPU
		{0874557C-CBAD-487D-9810-73925117592F}.Debug|Any CPU.ActiveCfg = Debug|Any CPU
		{0874557C-CBAD-487D-9810-73925117592F}.Debug|Any CPU.Build.0 = Debug|Any CPU
		{0874557C-CBAD-487D-9810-73925117592F}.Release|Any CPU.ActiveCfg = Release|Any CPU
		{0874557C-CBAD-487D-9810-73925117592F}.Release|Any CPU.Build.0 = Release|Any CPU
		{1C70EA8F-2CA7-4142-9E75-4761D8A7DBF9}.Debug|Any CPU.ActiveCfg = Debug|Any CPU
		{1C70EA8F-2CA7-4142-9E75-4761D8A7DBF9}.Debug|Any CPU.Build.0 = Debug|Any CPU
		{1C70EA8F-2CA7-4142-9E75-4761D8A7DBF9}.Release|Any CPU.ActiveCfg = Release|Any CPU
		{1C70EA8F-2CA7-4142-9E75-4761D8A7DBF9}.Release|Any CPU.Build.0 = Release|Any CPU
		{4DFBA973-8E84-4E15-B9C6-09704D717E4A}.Debug|Any CPU.ActiveCfg = Debug|Any CPU
		{4DFBA973-8E84-4E15-B9C6-09704D717E4A}.Debug|Any CPU.Build.0 = Debug|Any CPU
		{4DFBA973-8E84-4E15-B9C6-09704D717E4A}.Release|Any CPU.ActiveCfg = Release|Any CPU
		{4DFBA973-8E84-4E15-B9C6-09704D717E4A}.Release|Any CPU.Build.0 = Release|Any CPU
		{70302BDA-1890-4588-A835-311D7CF069D7}.Debug|Any CPU.ActiveCfg = Debug|Any CPU
		{70302BDA-1890-4588-A835-311D7CF069D7}.Debug|Any CPU.Build.0 = Debug|Any CPU
		{70302BDA-1890-4588-A835-311D7CF069D7}.Release|Any CPU.ActiveCfg = Release|Any CPU
		{70302BDA-1890-4588-A835-311D7CF069D7}.Release|Any CPU.Build.0 = Release|Any CPU
	EndGlobalSection
	GlobalSection(SolutionProperties) = preSolution
		HideSolutionNode = FALSE
	EndGlobalSection
	GlobalSection(ExtensibilityGlobals) = postSolution
		SolutionGuid = {90D3748B-2AF2-4A25-A71C-70E5C0B94C1D}
	EndGlobalSection
EndGlobal
